<?xml version="1.0" encoding="UTF-8" standalone="yes" ?>
<CodeBlocks_project_file>
	<FileVersion major="1" minor="6" />
	<Project>
		<Option title="Atividade_pratica" />
		<Option pch_mode="2" />
		<Option compiler="gcc" />
		<Build>
			<Target title="Debug">
				<Option output="bin/Debug/Atividade_pratica" prefix_auto="1" extension_auto="1" />
				<Option object_output="obj/Debug/" />
				<Option type="1" />
				<Option compiler="gcc" />
				<Compiler>
					<Add option="-g" />
				</Compiler>
			</Target>
			<Target title="Release">
				<Option output="bin/Release/Atividade_pratica" prefix_auto="1" extension_auto="1" />
				<Option object_output="obj/Release/" />
				<Option type="1" />
				<Option compiler="gcc" />
				<Compiler>
					<Add option="-O2" />
				</Compiler>
				<Linker>
					<Add option="-s" />
				</Linker>
			</Target>
		</Build>
		<Compiler>
			<Add option="-Wall" />
		</Compiler>
		<Unit filename="Atividade_pratica.cbp" />
		<Unit filename="Atividade_pratica.depend" />
		<Unit filename="Atividade_pratica.layout" />
		<Unit filename="README.md" />
		<Unit filename="arremesso.c">
			<Option compilerVar="CC" />
		</Unit>
		<Unit filename="arremesso.h" />
		<Unit filename="atleta.c">
			<Option compilerVar="CC" />
		</Unit>
		<Unit filename="atleta.h" />
		<Unit filename="main.c">
			<Option compilerVar="CC" />
		</Unit>
		<Unit filename="tools.c">
			<Option compilerVar="CC" />
		</Unit>
		<Unit filename="tools.h" />
		<Extensions>
			<lib_finder disable_auto="1" />
		</Extensions>
	</Project>
</CodeBlocks_project_file>
